
Microsoft Visual Studio Solution File, Format Version 12.00
# Visual Studio Version 17
VisualStudioVersion = 17.9.34622.214
MinimumVisualStudioVersion = 10.0.40219.1
Project("{FAE04EC0-301F-11D3-BF4B-00C04F79EFBC}") = "WebApplication1", "WebApplication1.csproj", "{7A88ED18-FB30-456B-BF7C-6A624F79E6D8}"
EndProject
Global
	GlobalSection(SolutionConfigurationPlatforms) = preSolution
		Debug|Any CPU = Debug|Any CPU
		Release|Any CPU = Release|Any CPU
	EndGlobalSection
	GlobalSection(ProjectConfigurationPlatforms) = postSolution
		{7A88ED18-FB30-456B-BF7C-6A624F79E6D8}.Debug|Any CPU.ActiveCfg = Debug|Any CPU
		{7A88ED18-FB30-456B-BF7C-6A624F79E6D8}.Debug|Any CPU.Build.0 = Debug|Any CPU
		{7A88ED18-FB30-456B-BF7C-6A624F79E6D8}.Release|Any CPU.ActiveCfg = Release|Any CPU
		{7A88ED18-FB30-456B-BF7C-6A624F79E6D8}.Release|Any CPU.Build.0 = Release|Any CPU
	EndGlobalSection
	GlobalSection(SolutionProperties) = preSolution
		HideSolutionNode = FALSE
	EndGlobalSection
	GlobalSection(ExtensibilityGlobals) = postSolution
		SolutionGuid = {1B904409-3F0F-4746-A7F6-B9706117D4C0}
	EndGlobalSection
EndGlobal
